
Microsoft Visual Studio Solution File, Format Version 12.00
# Visual Studio 15
VisualStudioVersion = 15.0.28307.489
MinimumVisualStudioVersion = 10.0.40219.1
Project("{FAE04EC0-301F-11D3-BF4B-00C04F79EFBC}") = "HitoAppCore.Android", "App4\App4.Android\HitoAppCore.Android.csproj", "{F7D147C0-E15A-4EC7-BACB-25C4DD618581}"
EndProject
Project("{FAE04EC0-301F-11D3-BF4B-00C04F79EFBC}") = "HitoAppCore.iOS", "App4\App4.iOS\HitoAppCore.iOS.csproj", "{DD1CF4D7-A0C1-495B-9665-9091925E3BBF}"
EndProject
Project("{9A19103F-16F7-4668-BE54-9A1E7A4F7556}") = "HitoAppCore", "App4\App4\HitoAppCore.csproj", "{CDD7273E-C87B-4526-89C8-D1F315E38440}"
EndProject
Global
	GlobalSection(SolutionConfigurationPlatforms) = preSolution
		Ad-Hoc|Any CPU = Ad-Hoc|Any CPU
		Ad-Hoc|iPhone = Ad-Hoc|iPhone
		Ad-Hoc|iPhoneSimulator = Ad-Hoc|iPhoneSimulator
		AppStore|Any CPU = AppStore|Any CPU
		AppStore|iPhone = AppStore|iPhone
		AppStore|iPhoneSimulator = AppStore|iPhoneSimulator
		Debug|Any CPU = Debug|Any CPU
		Debug|iPhone = Debug|iPhone
		Debug|iPhoneSimulator = Debug|iPhoneSimulator
		Release|Any CPU = Release|Any CPU
		Release|iPhone = Release|iPhone
		Release|iPhoneSimulator = Release|iPhoneSimulator
	EndGlobalSection
	GlobalSection(ProjectConfigurationPlatforms) = postSolution
		{F7D147C0-E15A-4EC7-BACB-25C4DD618581}.Ad-Hoc|Any CPU.ActiveCfg = Release|Any CPU
		{F7D147C0-E15A-4EC7-BACB-25C4DD618581}.Ad-Hoc|Any CPU.Build.0 = Release|Any CPU
		{F7D147C0-E15A-4EC7-BACB-25C4DD618581}.Ad-Hoc|Any CPU.Deploy.0 = Release|Any CPU
		{F7D147C0-E15A-4EC7-BACB-25C4DD618581}.Ad-Hoc|iPhone.ActiveCfg = Release|Any CPU
		{F7D147C0-E15A-4EC7-BACB-25C4DD618581}.Ad-Hoc|iPhone.Build.0 = Release|Any CPU
		{F7D147C0-E15A-4EC7-BACB-25C4DD618581}.Ad-Hoc|iPhone.Deploy.0 = Release|Any CPU
		{F7D147C0-E15A-4EC7-BACB-25C4DD618581}.Ad-Hoc|iPhoneSimulator.ActiveCfg = Release|Any CPU
		{F7D147C0-E15A-4EC7-BACB-25C4DD618581}.Ad-Hoc|iPhoneSimulator.Build.0 = Release|Any CPU
		{F7D147C0-E15A-4EC7-BACB-25C4DD618581}.Ad-Hoc|iPhoneSimulator.Deploy.0 = Release|Any CPU
		{F7D147C0-E15A-4EC7-BACB-25C4DD618581}.AppStore|Any CPU.ActiveCfg = Release|Any CPU
		{F7D147C0-E15A-4EC7-BACB-25C4DD618581}.AppStore|Any CPU.Build.0 = Release|Any CPU
		{F7D147C0-E15A-4EC7-BACB-25C4DD618581}.AppStore|Any CPU.Deploy.0 = Release|Any CPU
		{F7D147C0-E15A-4EC7-BACB-25C4DD618581}.AppStore|iPhone.ActiveCfg = Release|Any CPU
		{F7D147C0-E15A-4EC7-BACB-25C4DD618581}.AppStore|iPhone.Build.0 = Release|Any CPU
		{F7D147C0-E15A-4EC7-BACB-25C4DD618581}.AppStore|iPhone.Deploy.0 = Release|Any CPU
		{F7D147C0-E15A-4EC7-BACB-25C4DD618581}.AppStore|iPhoneSimulator.ActiveCfg = Release|Any CPU
		{F7D147C0-E15A-4EC7-BACB-25C4DD618581}.AppStore|iPhoneSimulator.Build.0 = Release|Any CPU
		{F7D147C0-E15A-4EC7-BACB-25C4DD618581}.AppStore|iPhoneSimulator.Deploy.0 = Release|Any CPU
		{F7D147C0-E15A-4EC7-BACB-25C4DD618581}.Debug|Any CPU.ActiveCfg = Debug|Any CPU
		{F7D147C0-E15A-4EC7-BACB-25C4DD618581}.Debug|Any CPU.Build.0 = Debug|Any CPU
		{F7D147C0-E15A-4EC7-BACB-25C4DD618581}.Debug|Any CPU.Deploy.0 = Debug|Any CPU
		{F7D147C0-E15A-4EC7-BACB-25C4DD618581}.Debug|iPhone.ActiveCfg = Debug|Any CPU
		{F7D147C0-E15A-4EC7-BACB-25C4DD618581}.Debug|iPhone.Build.0 = Debug|Any CPU
		{F7D147C0-E15A-4EC7-BACB-25C4DD618581}.Debug|iPhone.Deploy.0 = Debug|Any CPU
		{F7D147C0-E15A-4EC7-BACB-25C4DD618581}.Debug|iPhoneSimulator.ActiveCfg = Debug|Any CPU
		{F7D147C0-E15A-4EC7-BACB-25C4DD618581}.Debug|iPhoneSimulator.Build.0 = Debug|Any CPU
		{F7D147C0-E15A-4EC7-BACB-25C4DD618581}.Debug|iPhoneSimulator.Deploy.0 = Debug|Any CPU
		{F7D147C0-E15A-4EC7-BACB-25C4DD618581}.Release|Any CPU.ActiveCfg = Release|Any CPU
		{F7D147C0-E15A-4EC7-BACB-25C4DD618581}.Release|Any CPU.Build.0 = Release|Any CPU
		{F7D147C0-E15A-4EC7-BACB-25C4DD618581}.Release|Any CPU.Deploy.0 = Release|Any CPU
		{F7D147C0-E15A-4EC7-BACB-25C4DD618581}.Release|iPhone.ActiveCfg = Release|Any CPU
		{F7D147C0-E15A-4EC7-BACB-25C4DD618581}.Release|iPhone.Build.0 = Release|Any CPU
		{F7D147C0-E15A-4EC7-BACB-25C4DD618581}.Release|iPhone.Deploy.0 = Release|Any CPU
		{F7D147C0-E15A-4EC7-BACB-25C4DD618581}.Release|iPhoneSimulator.ActiveCfg = Release|Any CPU
		{F7D147C0-E15A-4EC7-BACB-25C4DD618581}.Release|iPhoneSimulator.Build.0 = Release|Any CPU
		{F7D147C0-E15A-4EC7-BACB-25C4DD618581}.Release|iPhoneSimulator.Deploy.0 = Release|Any CPU
		{DD1CF4D7-A0C1-495B-9665-9091925E3BBF}.Ad-Hoc|Any CPU.ActiveCfg = Ad-Hoc|iPhone
		{DD1CF4D7-A0C1-495B-9665-9091925E3BBF}.Ad-Hoc|Any CPU.Build.0 = Ad-Hoc|iPhone
		{DD1CF4D7-A0C1-495B-9665-9091925E3BBF}.Ad-Hoc|Any CPU.Deploy.0 = Ad-Hoc|iPhone
		{DD1CF4D7-A0C1-495B-9665-9091925E3BBF}.Ad-Hoc|iPhone.ActiveCfg = Ad-Hoc|iPhone
		{DD1CF4D7-A0C1-495B-9665-9091925E3BBF}.Ad-Hoc|iPhone.Build.0 = Ad-Hoc|iPhone
		{DD1CF4D7-A0C1-495B-9665-9091925E3BBF}.Ad-Hoc|iPhone.Deploy.0 = Ad-Hoc|iPhone
		{DD1CF4D7-A0C1-495B-9665-9091925E3BBF}.Ad-Hoc|iPhoneSimulator.ActiveCfg = Ad-Hoc|iPhoneSimulator
		{DD1CF4D7-A0C1-495B-9665-9091925E3BBF}.Ad-Hoc|iPhoneSimulator.Build.0 = Ad-Hoc|iPhoneSimulator
		{DD1CF4D7-A0C1-495B-9665-9091925E3BBF}.Ad-Hoc|iPhoneSimulator.Deploy.0 = Ad-Hoc|iPhoneSimulator
		{DD1CF4D7-A0C1-495B-9665-9091925E3BBF}.AppStore|Any CPU.ActiveCfg = AppStore|iPhone
		{DD1CF4D7-A0C1-495B-9665-9091925E3BBF}.AppStore|Any CPU.Build.0 = AppStore|iPhone
		{DD1CF4D7-A0C1-495B-9665-9091925E3BBF}.AppStore|Any CPU.Deploy.0 = AppStore|iPhone
		{DD1CF4D7-A0C1-495B-9665-9091925E3BBF}.AppStore|iPhone.ActiveCfg = AppStore|iPhone
		{DD1CF4D7-A0C1-495B-9665-9091925E3BBF}.AppStore|iPhone.Build.0 = AppStore|iPhone
		{DD1CF4D7-A0C1-495B-9665-9091925E3BBF}.AppStore|iPhone.Deploy.0 = AppStore|iPhone
		{DD1CF4D7-A0C1-495B-9665-9091925E3BBF}.AppStore|iPhoneSimulator.ActiveCfg = AppStore|iPhoneSimulator
		{DD1CF4D7-A0C1-495B-9665-9091925E3BBF}.AppStore|iPhoneSimulator.Build.0 = AppStore|iPhoneSimulator
		{DD1CF4D7-A0C1-495B-9665-9091925E3BBF}.AppStore|iPhoneSimulator.Deploy.0 = AppStore|iPhoneSimulator
		{DD1CF4D7-A0C1-495B-9665-9091925E3BBF}.Debug|Any CPU.ActiveCfg = Debug|iPhoneSimulator
		{DD1CF4D7-A0C1-495B-9665-9091925E3BBF}.Debug|Any CPU.Build.0 = Debug|iPhoneSimulator
		{DD1CF4D7-A0C1-495B-9665-9091925E3BBF}.Debug|Any CPU.Deploy.0 = Debug|iPhoneSimulator
		{DD1CF4D7-A0C1-495B-9665-9091925E3BBF}.Debug|iPhone.ActiveCfg = Debug|iPhone
		{DD1CF4D7-A0C1-495B-9665-9091925E3BBF}.Debug|iPhone.Build.0 = Debug|iPhone
		{DD1CF4D7-A0C1-495B-9665-9091925E3BBF}.Debug|iPhone.Deploy.0 = Debug|iPhone
		{DD1CF4D7-A0C1-495B-9665-9091925E3BBF}.Debug|iPhoneSimulator.ActiveCfg = Debug|iPhoneSimulator
		{DD1CF4D7-A0C1-495B-9665-9091925E3BBF}.Debug|iPhoneSimulator.Build.0 = Debug|iPhoneSimulator
		{DD1CF4D7-A0C1-495B-9665-9091925E3BBF}.Debug|iPhoneSimulator.Deploy.0 = Debug|iPhoneSimulator
		{DD1CF4D7-A0C1-495B-9665-9091925E3BBF}.Release|Any CPU.ActiveCfg = Release|iPhone
		{DD1CF4D7-A0C1-495B-9665-9091925E3BBF}.Release|Any CPU.Build.0 = Release|iPhone
		{DD1CF4D7-A0C1-495B-9665-9091925E3BBF}.Release|Any CPU.Deploy.0 = Release|iPhone
		{DD1CF4D7-A0C1-495B-9665-9091925E3BBF}.Release|iPhone.ActiveCfg = Release|iPhone
		{DD1CF4D7-A0C1-495B-9665-9091925E3BBF}.Release|iPhone.Build.0 = Release|iPhone
		{DD1CF4D7-A0C1-495B-9665-9091925E3BBF}.Release|iPhone.Deploy.0 = Release|iPhone
		{DD1CF4D7-A0C1-495B-9665-9091925E3BBF}.Release|iPhoneSimulator.ActiveCfg = Release|iPhoneSimulator
		{DD1CF4D7-A0C1-495B-9665-9091925E3BBF}.Release|iPhoneSimulator.Build.0 = Release|iPhoneSimulator
		{DD1CF4D7-A0C1-495B-9665-9091925E3BBF}.Release|iPhoneSimulator.Deploy.0 = Release|iPhoneSimulator
		{CDD7273E-C87B-4526-89C8-D1F315E38440}.Ad-Hoc|Any CPU.ActiveCfg = Debug|Any CPU
		{CDD7273E-C87B-4526-89C8-D1F315E38440}.Ad-Hoc|Any CPU.Build.0 = Debug|Any CPU
		{CDD7273E-C87B-4526-89C8-D1F315E38440}.Ad-Hoc|Any CPU.Deploy.0 = Debug|Any CPU
		{CDD7273E-C87B-4526-89C8-D1F315E38440}.Ad-Hoc|iPhone.ActiveCfg = Debug|Any CPU
		{CDD7273E-C87B-4526-89C8-D1F315E38440}.Ad-Hoc|iPhone.Build.0 = Debug|Any CPU
		{CDD7273E-C87B-4526-89C8-D1F315E38440}.Ad-Hoc|iPhone.Deploy.0 = Debug|Any CPU
		{CDD7273E-C87B-4526-89C8-D1F315E38440}.Ad-Hoc|iPhoneSimulator.ActiveCfg = Debug|Any CPU
		{CDD7273E-C87B-4526-89C8-D1F315E38440}.Ad-Hoc|iPhoneSimulator.Build.0 = Debug|Any CPU
		{CDD7273E-C87B-4526-89C8-D1F315E38440}.Ad-Hoc|iPhoneSimulator.Deploy.0 = Debug|Any CPU
		{CDD7273E-C87B-4526-89C8-D1F315E38440}.AppStore|Any CPU.ActiveCfg = Debug|Any CPU
		{CDD7273E-C87B-4526-89C8-D1F315E38440}.AppStore|Any CPU.Build.0 = Debug|Any CPU
		{CDD7273E-C87B-4526-89C8-D1F315E38440}.AppStore|Any CPU.Deploy.0 = Debug|Any CPU
		{CDD7273E-C87B-4526-89C8-D1F315E38440}.AppStore|iPhone.ActiveCfg = Debug|Any CPU
		{CDD7273E-C87B-4526-89C8-D1F315E38440}.AppStore|iPhone.Build.0 = Debug|Any CPU
		{CDD7273E-C87B-4526-89C8-D1F315E38440}.AppStore|iPhone.Deploy.0 = Debug|Any CPU
		{CDD7273E-C87B-4526-89C8-D1F315E38440}.AppStore|iPhoneSimulator.ActiveCfg = Debug|Any CPU
		{CDD7273E-C87B-4526-89C8-D1F315E38440}.AppStore|iPhoneSimulator.Build.0 = Debug|Any CPU
		{CDD7273E-C87B-4526-89C8-D1F315E38440}.AppStore|iPhoneSimulator.Deploy.0 = Debug|Any CPU
		{CDD7273E-C87B-4526-89C8-D1F315E38440}.Debug|Any CPU.ActiveCfg = Debug|Any CPU
		{CDD7273E-C87B-4526-89C8-D1F315E38440}.Debug|Any CPU.Build.0 = Debug|Any CPU
		{CDD7273E-C87B-4526-89C8-D1F315E38440}.Debug|Any CPU.Deploy.0 = Debug|Any CPU
		{CDD7273E-C87B-4526-89C8-D1F315E38440}.Debug|iPhone.ActiveCfg = Debug|Any CPU
		{CDD7273E-C87B-4526-89C8-D1F315E38440}.Debug|iPhone.Build.0 = Debug|Any CPU
		{CDD7273E-C87B-4526-89C8-D1F315E38440}.Debug|iPhone.Deploy.0 = Debug|Any CPU
		{CDD7273E-C87B-4526-89C8-D1F315E38440}.Debug|iPhoneSimulator.ActiveCfg = Debug|Any CPU
		{CDD7273E-C87B-4526-89C8-D1F315E38440}.Debug|iPhoneSimulator.Build.0 = Debug|Any CPU
		{CDD7273E-C87B-4526-89C8-D1F315E38440}.Debug|iPhoneSimulator.Deploy.0 = Debug|Any CPU
		{CDD7273E-C87B-4526-89C8-D1F315E38440}.Release|Any CPU.ActiveCfg = Release|Any CPU
		{CDD7273E-C87B-4526-89C8-D1F315E38440}.Release|Any CPU.Build.0 = Release|Any CPU
		{CDD7273E-C87B-4526-89C8-D1F315E38440}.Release|Any CPU.Deploy.0 = Release|Any CPU
		{CDD7273E-C87B-4526-89C8-D1F315E38440}.Release|iPhone.ActiveCfg = Release|Any CPU
		{CDD7273E-C87B-4526-89C8-D1F315E38440}.Release|iPhone.Build.0 = Release|Any CPU
		{CDD7273E-C87B-4526-89C8-D1F315E38440}.Release|iPhone.Deploy.0 = Release|Any CPU
		{CDD7273E-C87B-4526-89C8-D1F315E38440}.Release|iPhoneSimulator.ActiveCfg = Release|Any CPU
		{CDD7273E-C87B-4526-89C8-D1F315E38440}.Release|iPhoneSimulator.Build.0 = Release|Any CPU
		{CDD7273E-C87B-4526-89C8-D1F315E38440}.Release|iPhoneSimulator.Deploy.0 = Release|Any CPU
	EndGlobalSection
	GlobalSection(SolutionProperties) = preSolution
		HideSolutionNode = FALSE
	EndGlobalSection
	GlobalSection(ExtensibilityGlobals) = postSolution
		SolutionGuid = {61FE65A1-BDE8-48F2-83D5-A5B896664007}
	EndGlobalSection
EndGlobal
