
Microsoft Visual Studio Solution File, Format Version 12.00
# Visual Studio 15
VisualStudioVersion = 15.0.28307.489
MinimumVisualStudioVersion = 10.0.40219.1
Project("{FAE04EC0-301F-11D3-BF4B-00C04F79EFBC}") = "HitoAppCore.Android", "HitoAppCore\HitoAppCore.Android\HitoAppCore.Android.csproj", "{D3EEEF3C-9DBC-4B30-BE8F-CA11D3A4B96E}"
EndProject
Project("{FAE04EC0-301F-11D3-BF4B-00C04F79EFBC}") = "HitoAppCore.iOS", "HitoAppCore\HitoAppCore.iOS\HitoAppCore.iOS.csproj", "{20150DA1-46F3-4D0E-AF87-4124F7A42C66}"
EndProject
Project("{FAE04EC0-301F-11D3-BF4B-00C04F79EFBC}") = "HitoAppCore.UWP", "HitoAppCore\HitoAppCore.UWP\HitoAppCore.UWP.csproj", "{2EA83AF8-C579-4654-9194-9BB910312268}"
EndProject
Project("{FAE04EC0-301F-11D3-BF4B-00C04F79EFBC}") = "HitoAppCore", "HitoAppCore\HitoAppCore\HitoAppCore.csproj", "{A8EF1233-C9B0-4415-9C16-6152D7524909}"
EndProject
Global
	GlobalSection(SolutionConfigurationPlatforms) = preSolution
		Ad-Hoc|Any CPU = Ad-Hoc|Any CPU
		Ad-Hoc|ARM = Ad-Hoc|ARM
		Ad-Hoc|iPhone = Ad-Hoc|iPhone
		Ad-Hoc|iPhoneSimulator = Ad-Hoc|iPhoneSimulator
		Ad-Hoc|x64 = Ad-Hoc|x64
		Ad-Hoc|x86 = Ad-Hoc|x86
		AppStore|Any CPU = AppStore|Any CPU
		AppStore|ARM = AppStore|ARM
		AppStore|iPhone = AppStore|iPhone
		AppStore|iPhoneSimulator = AppStore|iPhoneSimulator
		AppStore|x64 = AppStore|x64
		AppStore|x86 = AppStore|x86
		Debug|Any CPU = Debug|Any CPU
		Debug|ARM = Debug|ARM
		Debug|iPhone = Debug|iPhone
		Debug|iPhoneSimulator = Debug|iPhoneSimulator
		Debug|x64 = Debug|x64
		Debug|x86 = Debug|x86
		Release|Any CPU = Release|Any CPU
		Release|ARM = Release|ARM
		Release|iPhone = Release|iPhone
		Release|iPhoneSimulator = Release|iPhoneSimulator
		Release|x64 = Release|x64
		Release|x86 = Release|x86
	EndGlobalSection
	GlobalSection(ProjectConfigurationPlatforms) = postSolution
		{D3EEEF3C-9DBC-4B30-BE8F-CA11D3A4B96E}.Ad-Hoc|Any CPU.ActiveCfg = Release|Any CPU
		{D3EEEF3C-9DBC-4B30-BE8F-CA11D3A4B96E}.Ad-Hoc|Any CPU.Build.0 = Release|Any CPU
		{D3EEEF3C-9DBC-4B30-BE8F-CA11D3A4B96E}.Ad-Hoc|Any CPU.Deploy.0 = Release|Any CPU
		{D3EEEF3C-9DBC-4B30-BE8F-CA11D3A4B96E}.Ad-Hoc|ARM.ActiveCfg = Release|Any CPU
		{D3EEEF3C-9DBC-4B30-BE8F-CA11D3A4B96E}.Ad-Hoc|ARM.Build.0 = Release|Any CPU
		{D3EEEF3C-9DBC-4B30-BE8F-CA11D3A4B96E}.Ad-Hoc|ARM.Deploy.0 = Release|Any CPU
		{D3EEEF3C-9DBC-4B30-BE8F-CA11D3A4B96E}.Ad-Hoc|iPhone.ActiveCfg = Release|Any CPU
		{D3EEEF3C-9DBC-4B30-BE8F-CA11D3A4B96E}.Ad-Hoc|iPhone.Build.0 = Release|Any CPU
		{D3EEEF3C-9DBC-4B30-BE8F-CA11D3A4B96E}.Ad-Hoc|iPhone.Deploy.0 = Release|Any CPU
		{D3EEEF3C-9DBC-4B30-BE8F-CA11D3A4B96E}.Ad-Hoc|iPhoneSimulator.ActiveCfg = Release|Any CPU
		{D3EEEF3C-9DBC-4B30-BE8F-CA11D3A4B96E}.Ad-Hoc|iPhoneSimulator.Build.0 = Release|Any CPU
		{D3EEEF3C-9DBC-4B30-BE8F-CA11D3A4B96E}.Ad-Hoc|iPhoneSimulator.Deploy.0 = Release|Any CPU
		{D3EEEF3C-9DBC-4B30-BE8F-CA11D3A4B96E}.Ad-Hoc|x64.ActiveCfg = Release|Any CPU
		{D3EEEF3C-9DBC-4B30-BE8F-CA11D3A4B96E}.Ad-Hoc|x64.Build.0 = Release|Any CPU
		{D3EEEF3C-9DBC-4B30-BE8F-CA11D3A4B96E}.Ad-Hoc|x64.Deploy.0 = Release|Any CPU
		{D3EEEF3C-9DBC-4B30-BE8F-CA11D3A4B96E}.Ad-Hoc|x86.ActiveCfg = Release|Any CPU
		{D3EEEF3C-9DBC-4B30-BE8F-CA11D3A4B96E}.Ad-Hoc|x86.Build.0 = Release|Any CPU
		{D3EEEF3C-9DBC-4B30-BE8F-CA11D3A4B96E}.Ad-Hoc|x86.Deploy.0 = Release|Any CPU
		{D3EEEF3C-9DBC-4B30-BE8F-CA11D3A4B96E}.AppStore|Any CPU.ActiveCfg = Release|Any CPU
		{D3EEEF3C-9DBC-4B30-BE8F-CA11D3A4B96E}.AppStore|Any CPU.Build.0 = Release|Any CPU
		{D3EEEF3C-9DBC-4B30-BE8F-CA11D3A4B96E}.AppStore|Any CPU.Deploy.0 = Release|Any CPU
		{D3EEEF3C-9DBC-4B30-BE8F-CA11D3A4B96E}.AppStore|ARM.ActiveCfg = Release|Any CPU
		{D3EEEF3C-9DBC-4B30-BE8F-CA11D3A4B96E}.AppStore|ARM.Build.0 = Release|Any CPU
		{D3EEEF3C-9DBC-4B30-BE8F-CA11D3A4B96E}.AppStore|ARM.Deploy.0 = Release|Any CPU
		{D3EEEF3C-9DBC-4B30-BE8F-CA11D3A4B96E}.AppStore|iPhone.ActiveCfg = Release|Any CPU
		{D3EEEF3C-9DBC-4B30-BE8F-CA11D3A4B96E}.AppStore|iPhone.Build.0 = Release|Any CPU
		{D3EEEF3C-9DBC-4B30-BE8F-CA11D3A4B96E}.AppStore|iPhone.Deploy.0 = Release|Any CPU
		{D3EEEF3C-9DBC-4B30-BE8F-CA11D3A4B96E}.AppStore|iPhoneSimulator.ActiveCfg = Release|Any CPU
		{D3EEEF3C-9DBC-4B30-BE8F-CA11D3A4B96E}.AppStore|iPhoneSimulator.Build.0 = Release|Any CPU
		{D3EEEF3C-9DBC-4B30-BE8F-CA11D3A4B96E}.AppStore|iPhoneSimulator.Deploy.0 = Release|Any CPU
		{D3EEEF3C-9DBC-4B30-BE8F-CA11D3A4B96E}.AppStore|x64.ActiveCfg = Release|Any CPU
		{D3EEEF3C-9DBC-4B30-BE8F-CA11D3A4B96E}.AppStore|x64.Build.0 = Release|Any CPU
		{D3EEEF3C-9DBC-4B30-BE8F-CA11D3A4B96E}.AppStore|x64.Deploy.0 = Release|Any CPU
		{D3EEEF3C-9DBC-4B30-BE8F-CA11D3A4B96E}.AppStore|x86.ActiveCfg = Release|Any CPU
		{D3EEEF3C-9DBC-4B30-BE8F-CA11D3A4B96E}.AppStore|x86.Build.0 = Release|Any CPU
		{D3EEEF3C-9DBC-4B30-BE8F-CA11D3A4B96E}.AppStore|x86.Deploy.0 = Release|Any CPU
		{D3EEEF3C-9DBC-4B30-BE8F-CA11D3A4B96E}.Debug|Any CPU.ActiveCfg = Debug|Any CPU
		{D3EEEF3C-9DBC-4B30-BE8F-CA11D3A4B96E}.Debug|Any CPU.Build.0 = Debug|Any CPU
		{D3EEEF3C-9DBC-4B30-BE8F-CA11D3A4B96E}.Debug|Any CPU.Deploy.0 = Debug|Any CPU
		{D3EEEF3C-9DBC-4B30-BE8F-CA11D3A4B96E}.Debug|ARM.ActiveCfg = Debug|Any CPU
		{D3EEEF3C-9DBC-4B30-BE8F-CA11D3A4B96E}.Debug|ARM.Build.0 = Debug|Any CPU
		{D3EEEF3C-9DBC-4B30-BE8F-CA11D3A4B96E}.Debug|ARM.Deploy.0 = Debug|Any CPU
		{D3EEEF3C-9DBC-4B30-BE8F-CA11D3A4B96E}.Debug|iPhone.ActiveCfg = Debug|Any CPU
		{D3EEEF3C-9DBC-4B30-BE8F-CA11D3A4B96E}.Debug|iPhone.Build.0 = Debug|Any CPU
		{D3EEEF3C-9DBC-4B30-BE8F-CA11D3A4B96E}.Debug|iPhone.Deploy.0 = Debug|Any CPU
		{D3EEEF3C-9DBC-4B30-BE8F-CA11D3A4B96E}.Debug|iPhoneSimulator.ActiveCfg = Debug|Any CPU
		{D3EEEF3C-9DBC-4B30-BE8F-CA11D3A4B96E}.Debug|iPhoneSimulator.Build.0 = Debug|Any CPU
		{D3EEEF3C-9DBC-4B30-BE8F-CA11D3A4B96E}.Debug|iPhoneSimulator.Deploy.0 = Debug|Any CPU
		{D3EEEF3C-9DBC-4B30-BE8F-CA11D3A4B96E}.Debug|x64.ActiveCfg = Debug|Any CPU
		{D3EEEF3C-9DBC-4B30-BE8F-CA11D3A4B96E}.Debug|x64.Build.0 = Debug|Any CPU
		{D3EEEF3C-9DBC-4B30-BE8F-CA11D3A4B96E}.Debug|x64.Deploy.0 = Debug|Any CPU
		{D3EEEF3C-9DBC-4B30-BE8F-CA11D3A4B96E}.Debug|x86.ActiveCfg = Debug|Any CPU
		{D3EEEF3C-9DBC-4B30-BE8F-CA11D3A4B96E}.Debug|x86.Build.0 = Debug|Any CPU
		{D3EEEF3C-9DBC-4B30-BE8F-CA11D3A4B96E}.Debug|x86.Deploy.0 = Debug|Any CPU
		{D3EEEF3C-9DBC-4B30-BE8F-CA11D3A4B96E}.Release|Any CPU.ActiveCfg = Release|Any CPU
		{D3EEEF3C-9DBC-4B30-BE8F-CA11D3A4B96E}.Release|Any CPU.Build.0 = Release|Any CPU
		{D3EEEF3C-9DBC-4B30-BE8F-CA11D3A4B96E}.Release|Any CPU.Deploy.0 = Release|Any CPU
		{D3EEEF3C-9DBC-4B30-BE8F-CA11D3A4B96E}.Release|ARM.ActiveCfg = Release|Any CPU
		{D3EEEF3C-9DBC-4B30-BE8F-CA11D3A4B96E}.Release|ARM.Build.0 = Release|Any CPU
		{D3EEEF3C-9DBC-4B30-BE8F-CA11D3A4B96E}.Release|ARM.Deploy.0 = Release|Any CPU
		{D3EEEF3C-9DBC-4B30-BE8F-CA11D3A4B96E}.Release|iPhone.ActiveCfg = Release|Any CPU
		{D3EEEF3C-9DBC-4B30-BE8F-CA11D3A4B96E}.Release|iPhone.Build.0 = Release|Any CPU
		{D3EEEF3C-9DBC-4B30-BE8F-CA11D3A4B96E}.Release|iPhone.Deploy.0 = Release|Any CPU
		{D3EEEF3C-9DBC-4B30-BE8F-CA11D3A4B96E}.Release|iPhoneSimulator.ActiveCfg = Release|Any CPU
		{D3EEEF3C-9DBC-4B30-BE8F-CA11D3A4B96E}.Release|iPhoneSimulator.Build.0 = Release|Any CPU
		{D3EEEF3C-9DBC-4B30-BE8F-CA11D3A4B96E}.Release|iPhoneSimulator.Deploy.0 = Release|Any CPU
		{D3EEEF3C-9DBC-4B30-BE8F-CA11D3A4B96E}.Release|x64.ActiveCfg = Release|Any CPU
		{D3EEEF3C-9DBC-4B30-BE8F-CA11D3A4B96E}.Release|x64.Build.0 = Release|Any CPU
		{D3EEEF3C-9DBC-4B30-BE8F-CA11D3A4B96E}.Release|x64.Deploy.0 = Release|Any CPU
		{D3EEEF3C-9DBC-4B30-BE8F-CA11D3A4B96E}.Release|x86.ActiveCfg = Release|Any CPU
		{D3EEEF3C-9DBC-4B30-BE8F-CA11D3A4B96E}.Release|x86.Build.0 = Release|Any CPU
		{D3EEEF3C-9DBC-4B30-BE8F-CA11D3A4B96E}.Release|x86.Deploy.0 = Release|Any CPU
		{20150DA1-46F3-4D0E-AF87-4124F7A42C66}.Ad-Hoc|Any CPU.ActiveCfg = Ad-Hoc|iPhone
		{20150DA1-46F3-4D0E-AF87-4124F7A42C66}.Ad-Hoc|Any CPU.Build.0 = Ad-Hoc|iPhone
		{20150DA1-46F3-4D0E-AF87-4124F7A42C66}.Ad-Hoc|Any CPU.Deploy.0 = Ad-Hoc|iPhone
		{20150DA1-46F3-4D0E-AF87-4124F7A42C66}.Ad-Hoc|ARM.ActiveCfg = Ad-Hoc|iPhone
		{20150DA1-46F3-4D0E-AF87-4124F7A42C66}.Ad-Hoc|ARM.Build.0 = Ad-Hoc|iPhone
		{20150DA1-46F3-4D0E-AF87-4124F7A42C66}.Ad-Hoc|ARM.Deploy.0 = Ad-Hoc|iPhone
		{20150DA1-46F3-4D0E-AF87-4124F7A42C66}.Ad-Hoc|iPhone.ActiveCfg = Ad-Hoc|iPhone
		{20150DA1-46F3-4D0E-AF87-4124F7A42C66}.Ad-Hoc|iPhone.Build.0 = Ad-Hoc|iPhone
		{20150DA1-46F3-4D0E-AF87-4124F7A42C66}.Ad-Hoc|iPhone.Deploy.0 = Ad-Hoc|iPhone
		{20150DA1-46F3-4D0E-AF87-4124F7A42C66}.Ad-Hoc|iPhoneSimulator.ActiveCfg = Ad-Hoc|iPhoneSimulator
		{20150DA1-46F3-4D0E-AF87-4124F7A42C66}.Ad-Hoc|iPhoneSimulator.Build.0 = Ad-Hoc|iPhoneSimulator
		{20150DA1-46F3-4D0E-AF87-4124F7A42C66}.Ad-Hoc|iPhoneSimulator.Deploy.0 = Ad-Hoc|iPhoneSimulator
		{20150DA1-46F3-4D0E-AF87-4124F7A42C66}.Ad-Hoc|x64.ActiveCfg = Ad-Hoc|iPhone
		{20150DA1-46F3-4D0E-AF87-4124F7A42C66}.Ad-Hoc|x64.Build.0 = Ad-Hoc|iPhone
		{20150DA1-46F3-4D0E-AF87-4124F7A42C66}.Ad-Hoc|x64.Deploy.0 = Ad-Hoc|iPhone
		{20150DA1-46F3-4D0E-AF87-4124F7A42C66}.Ad-Hoc|x86.ActiveCfg = Ad-Hoc|iPhone
		{20150DA1-46F3-4D0E-AF87-4124F7A42C66}.Ad-Hoc|x86.Build.0 = Ad-Hoc|iPhone
		{20150DA1-46F3-4D0E-AF87-4124F7A42C66}.Ad-Hoc|x86.Deploy.0 = Ad-Hoc|iPhone
		{20150DA1-46F3-4D0E-AF87-4124F7A42C66}.AppStore|Any CPU.ActiveCfg = AppStore|iPhone
		{20150DA1-46F3-4D0E-AF87-4124F7A42C66}.AppStore|Any CPU.Build.0 = AppStore|iPhone
		{20150DA1-46F3-4D0E-AF87-4124F7A42C66}.AppStore|Any CPU.Deploy.0 = AppStore|iPhone
		{20150DA1-46F3-4D0E-AF87-4124F7A42C66}.AppStore|ARM.ActiveCfg = AppStore|iPhone
		{20150DA1-46F3-4D0E-AF87-4124F7A42C66}.AppStore|ARM.Build.0 = AppStore|iPhone
		{20150DA1-46F3-4D0E-AF87-4124F7A42C66}.AppStore|ARM.Deploy.0 = AppStore|iPhone
		{20150DA1-46F3-4D0E-AF87-4124F7A42C66}.AppStore|iPhone.ActiveCfg = AppStore|iPhone
		{20150DA1-46F3-4D0E-AF87-4124F7A42C66}.AppStore|iPhone.Build.0 = AppStore|iPhone
		{20150DA1-46F3-4D0E-AF87-4124F7A42C66}.AppStore|iPhone.Deploy.0 = AppStore|iPhone
		{20150DA1-46F3-4D0E-AF87-4124F7A42C66}.AppStore|iPhoneSimulator.ActiveCfg = AppStore|iPhoneSimulator
		{20150DA1-46F3-4D0E-AF87-4124F7A42C66}.AppStore|iPhoneSimulator.Build.0 = AppStore|iPhoneSimulator
		{20150DA1-46F3-4D0E-AF87-4124F7A42C66}.AppStore|iPhoneSimulator.Deploy.0 = AppStore|iPhoneSimulator
		{20150DA1-46F3-4D0E-AF87-4124F7A42C66}.AppStore|x64.ActiveCfg = AppStore|iPhone
		{20150DA1-46F3-4D0E-AF87-4124F7A42C66}.AppStore|x64.Build.0 = AppStore|iPhone
		{20150DA1-46F3-4D0E-AF87-4124F7A42C66}.AppStore|x64.Deploy.0 = AppStore|iPhone
		{20150DA1-46F3-4D0E-AF87-4124F7A42C66}.AppStore|x86.ActiveCfg = AppStore|iPhone
		{20150DA1-46F3-4D0E-AF87-4124F7A42C66}.AppStore|x86.Build.0 = AppStore|iPhone
		{20150DA1-46F3-4D0E-AF87-4124F7A42C66}.AppStore|x86.Deploy.0 = AppStore|iPhone
		{20150DA1-46F3-4D0E-AF87-4124F7A42C66}.Debug|Any CPU.ActiveCfg = Debug|iPhoneSimulator
		{20150DA1-46F3-4D0E-AF87-4124F7A42C66}.Debug|Any CPU.Build.0 = Debug|iPhoneSimulator
		{20150DA1-46F3-4D0E-AF87-4124F7A42C66}.Debug|Any CPU.Deploy.0 = Debug|iPhoneSimulator
		{20150DA1-46F3-4D0E-AF87-4124F7A42C66}.Debug|ARM.ActiveCfg = Debug|iPhone
		{20150DA1-46F3-4D0E-AF87-4124F7A42C66}.Debug|ARM.Build.0 = Debug|iPhone
		{20150DA1-46F3-4D0E-AF87-4124F7A42C66}.Debug|ARM.Deploy.0 = Debug|iPhone
		{20150DA1-46F3-4D0E-AF87-4124F7A42C66}.Debug|iPhone.ActiveCfg = Debug|iPhone
		{20150DA1-46F3-4D0E-AF87-4124F7A42C66}.Debug|iPhone.Build.0 = Debug|iPhone
		{20150DA1-46F3-4D0E-AF87-4124F7A42C66}.Debug|iPhone.Deploy.0 = Debug|iPhone
		{20150DA1-46F3-4D0E-AF87-4124F7A42C66}.Debug|iPhoneSimulator.ActiveCfg = Debug|iPhoneSimulator
		{20150DA1-46F3-4D0E-AF87-4124F7A42C66}.Debug|iPhoneSimulator.Build.0 = Debug|iPhoneSimulator
		{20150DA1-46F3-4D0E-AF87-4124F7A42C66}.Debug|iPhoneSimulator.Deploy.0 = Debug|iPhoneSimulator
		{20150DA1-46F3-4D0E-AF87-4124F7A42C66}.Debug|x64.ActiveCfg = Debug|iPhone
		{20150DA1-46F3-4D0E-AF87-4124F7A42C66}.Debug|x64.Build.0 = Debug|iPhone
		{20150DA1-46F3-4D0E-AF87-4124F7A42C66}.Debug|x64.Deploy.0 = Debug|iPhone
		{20150DA1-46F3-4D0E-AF87-4124F7A42C66}.Debug|x86.ActiveCfg = Debug|iPhone
		{20150DA1-46F3-4D0E-AF87-4124F7A42C66}.Debug|x86.Build.0 = Debug|iPhone
		{20150DA1-46F3-4D0E-AF87-4124F7A42C66}.Debug|x86.Deploy.0 = Debug|iPhone
		{20150DA1-46F3-4D0E-AF87-4124F7A42C66}.Release|Any CPU.ActiveCfg = Release|iPhone
		{20150DA1-46F3-4D0E-AF87-4124F7A42C66}.Release|Any CPU.Build.0 = Release|iPhone
		{20150DA1-46F3-4D0E-AF87-4124F7A42C66}.Release|Any CPU.Deploy.0 = Release|iPhone
		{20150DA1-46F3-4D0E-AF87-4124F7A42C66}.Release|ARM.ActiveCfg = Release|iPhone
		{20150DA1-46F3-4D0E-AF87-4124F7A42C66}.Release|ARM.Build.0 = Release|iPhone
		{20150DA1-46F3-4D0E-AF87-4124F7A42C66}.Release|ARM.Deploy.0 = Release|iPhone
		{20150DA1-46F3-4D0E-AF87-4124F7A42C66}.Release|iPhone.ActiveCfg = Release|iPhone
		{20150DA1-46F3-4D0E-AF87-4124F7A42C66}.Release|iPhone.Build.0 = Release|iPhone
		{20150DA1-46F3-4D0E-AF87-4124F7A42C66}.Release|iPhone.Deploy.0 = Release|iPhone
		{20150DA1-46F3-4D0E-AF87-4124F7A42C66}.Release|iPhoneSimulator.ActiveCfg = Release|iPhoneSimulator
		{20150DA1-46F3-4D0E-AF87-4124F7A42C66}.Release|iPhoneSimulator.Build.0 = Release|iPhoneSimulator
		{20150DA1-46F3-4D0E-AF87-4124F7A42C66}.Release|iPhoneSimulator.Deploy.0 = Release|iPhoneSimulator
		{20150DA1-46F3-4D0E-AF87-4124F7A42C66}.Release|x64.ActiveCfg = Release|iPhone
		{20150DA1-46F3-4D0E-AF87-4124F7A42C66}.Release|x64.Build.0 = Release|iPhone
		{20150DA1-46F3-4D0E-AF87-4124F7A42C66}.Release|x64.Deploy.0 = Release|iPhone
		{20150DA1-46F3-4D0E-AF87-4124F7A42C66}.Release|x86.ActiveCfg = Release|iPhone
		{20150DA1-46F3-4D0E-AF87-4124F7A42C66}.Release|x86.Build.0 = Release|iPhone
		{20150DA1-46F3-4D0E-AF87-4124F7A42C66}.Release|x86.Deploy.0 = Release|iPhone
		{2EA83AF8-C579-4654-9194-9BB910312268}.Ad-Hoc|Any CPU.ActiveCfg = Release|x86
		{2EA83AF8-C579-4654-9194-9BB910312268}.Ad-Hoc|Any CPU.Build.0 = Release|x86
		{2EA83AF8-C579-4654-9194-9BB910312268}.Ad-Hoc|Any CPU.Deploy.0 = Release|x86
		{2EA83AF8-C579-4654-9194-9BB910312268}.Ad-Hoc|ARM.ActiveCfg = Release|ARM
		{2EA83AF8-C579-4654-9194-9BB910312268}.Ad-Hoc|ARM.Build.0 = Release|ARM
		{2EA83AF8-C579-4654-9194-9BB910312268}.Ad-Hoc|ARM.Deploy.0 = Release|ARM
		{2EA83AF8-C579-4654-9194-9BB910312268}.Ad-Hoc|iPhone.ActiveCfg = Release|x86
		{2EA83AF8-C579-4654-9194-9BB910312268}.Ad-Hoc|iPhone.Build.0 = Release|x86
		{2EA83AF8-C579-4654-9194-9BB910312268}.Ad-Hoc|iPhone.Deploy.0 = Release|x86
		{2EA83AF8-C579-4654-9194-9BB910312268}.Ad-Hoc|iPhoneSimulator.ActiveCfg = Release|x86
		{2EA83AF8-C579-4654-9194-9BB910312268}.Ad-Hoc|iPhoneSimulator.Build.0 = Release|x86
		{2EA83AF8-C579-4654-9194-9BB910312268}.Ad-Hoc|iPhoneSimulator.Deploy.0 = Release|x86
		{2EA83AF8-C579-4654-9194-9BB910312268}.Ad-Hoc|x64.ActiveCfg = Release|x64
		{2EA83AF8-C579-4654-9194-9BB910312268}.Ad-Hoc|x64.Build.0 = Release|x64
		{2EA83AF8-C579-4654-9194-9BB910312268}.Ad-Hoc|x64.Deploy.0 = Release|x64
		{2EA83AF8-C579-4654-9194-9BB910312268}.Ad-Hoc|x86.ActiveCfg = Release|x86
		{2EA83AF8-C579-4654-9194-9BB910312268}.Ad-Hoc|x86.Build.0 = Release|x86
		{2EA83AF8-C579-4654-9194-9BB910312268}.Ad-Hoc|x86.Deploy.0 = Release|x86
		{2EA83AF8-C579-4654-9194-9BB910312268}.AppStore|Any CPU.ActiveCfg = Release|x86
		{2EA83AF8-C579-4654-9194-9BB910312268}.AppStore|Any CPU.Build.0 = Release|x86
		{2EA83AF8-C579-4654-9194-9BB910312268}.AppStore|Any CPU.Deploy.0 = Release|x86
		{2EA83AF8-C579-4654-9194-9BB910312268}.AppStore|ARM.ActiveCfg = Release|ARM
		{2EA83AF8-C579-4654-9194-9BB910312268}.AppStore|ARM.Build.0 = Release|ARM
		{2EA83AF8-C579-4654-9194-9BB910312268}.AppStore|ARM.Deploy.0 = Release|ARM
		{2EA83AF8-C579-4654-9194-9BB910312268}.AppStore|iPhone.ActiveCfg = Release|x86
		{2EA83AF8-C579-4654-9194-9BB910312268}.AppStore|iPhone.Build.0 = Release|x86
		{2EA83AF8-C579-4654-9194-9BB910312268}.AppStore|iPhone.Deploy.0 = Release|x86
		{2EA83AF8-C579-4654-9194-9BB910312268}.AppStore|iPhoneSimulator.ActiveCfg = Release|x86
		{2EA83AF8-C579-4654-9194-9BB910312268}.AppStore|iPhoneSimulator.Build.0 = Release|x86
		{2EA83AF8-C579-4654-9194-9BB910312268}.AppStore|iPhoneSimulator.Deploy.0 = Release|x86
		{2EA83AF8-C579-4654-9194-9BB910312268}.AppStore|x64.ActiveCfg = Release|x64
		{2EA83AF8-C579-4654-9194-9BB910312268}.AppStore|x64.Build.0 = Release|x64
		{2EA83AF8-C579-4654-9194-9BB910312268}.AppStore|x64.Deploy.0 = Release|x64
		{2EA83AF8-C579-4654-9194-9BB910312268}.AppStore|x86.ActiveCfg = Release|x86
		{2EA83AF8-C579-4654-9194-9BB910312268}.AppStore|x86.Build.0 = Release|x86
		{2EA83AF8-C579-4654-9194-9BB910312268}.AppStore|x86.Deploy.0 = Release|x86
		{2EA83AF8-C579-4654-9194-9BB910312268}.Debug|Any CPU.ActiveCfg = Debug|x86
		{2EA83AF8-C579-4654-9194-9BB910312268}.Debug|Any CPU.Build.0 = Debug|x86
		{2EA83AF8-C579-4654-9194-9BB910312268}.Debug|Any CPU.Deploy.0 = Debug|x86
		{2EA83AF8-C579-4654-9194-9BB910312268}.Debug|ARM.ActiveCfg = Debug|ARM
		{2EA83AF8-C579-4654-9194-9BB910312268}.Debug|ARM.Build.0 = Debug|ARM
		{2EA83AF8-C579-4654-9194-9BB910312268}.Debug|ARM.Deploy.0 = Debug|ARM
		{2EA83AF8-C579-4654-9194-9BB910312268}.Debug|iPhone.ActiveCfg = Debug|x86
		{2EA83AF8-C579-4654-9194-9BB910312268}.Debug|iPhone.Build.0 = Debug|x86
		{2EA83AF8-C579-4654-9194-9BB910312268}.Debug|iPhone.Deploy.0 = Debug|x86
		{2EA83AF8-C579-4654-9194-9BB910312268}.Debug|iPhoneSimulator.ActiveCfg = Debug|x86
		{2EA83AF8-C579-4654-9194-9BB910312268}.Debug|iPhoneSimulator.Build.0 = Debug|x86
		{2EA83AF8-C579-4654-9194-9BB910312268}.Debug|iPhoneSimulator.Deploy.0 = Debug|x86
		{2EA83AF8-C579-4654-9194-9BB910312268}.Debug|x64.ActiveCfg = Debug|x64
		{2EA83AF8-C579-4654-9194-9BB910312268}.Debug|x64.Build.0 = Debug|x64
		{2EA83AF8-C579-4654-9194-9BB910312268}.Debug|x64.Deploy.0 = Debug|x64
		{2EA83AF8-C579-4654-9194-9BB910312268}.Debug|x86.ActiveCfg = Debug|x86
		{2EA83AF8-C579-4654-9194-9BB910312268}.Debug|x86.Build.0 = Debug|x86
		{2EA83AF8-C579-4654-9194-9BB910312268}.Debug|x86.Deploy.0 = Debug|x86
		{2EA83AF8-C579-4654-9194-9BB910312268}.Release|Any CPU.ActiveCfg = Release|x86
		{2EA83AF8-C579-4654-9194-9BB910312268}.Release|Any CPU.Build.0 = Release|x86
		{2EA83AF8-C579-4654-9194-9BB910312268}.Release|Any CPU.Deploy.0 = Release|x86
		{2EA83AF8-C579-4654-9194-9BB910312268}.Release|ARM.ActiveCfg = Release|ARM
		{2EA83AF8-C579-4654-9194-9BB910312268}.Release|ARM.Build.0 = Release|ARM
		{2EA83AF8-C579-4654-9194-9BB910312268}.Release|ARM.Deploy.0 = Release|ARM
		{2EA83AF8-C579-4654-9194-9BB910312268}.Release|iPhone.ActiveCfg = Release|x86
		{2EA83AF8-C579-4654-9194-9BB910312268}.Release|iPhone.Build.0 = Release|x86
		{2EA83AF8-C579-4654-9194-9BB910312268}.Release|iPhone.Deploy.0 = Release|x86
		{2EA83AF8-C579-4654-9194-9BB910312268}.Release|iPhoneSimulator.ActiveCfg = Release|x86
		{2EA83AF8-C579-4654-9194-9BB910312268}.Release|iPhoneSimulator.Build.0 = Release|x86
		{2EA83AF8-C579-4654-9194-9BB910312268}.Release|iPhoneSimulator.Deploy.0 = Release|x86
		{2EA83AF8-C579-4654-9194-9BB910312268}.Release|x64.ActiveCfg = Release|x64
		{2EA83AF8-C579-4654-9194-9BB910312268}.Release|x64.Build.0 = Release|x64
		{2EA83AF8-C579-4654-9194-9BB910312268}.Release|x64.Deploy.0 = Release|x64
		{2EA83AF8-C579-4654-9194-9BB910312268}.Release|x86.ActiveCfg = Release|x86
		{2EA83AF8-C579-4654-9194-9BB910312268}.Release|x86.Build.0 = Release|x86
		{2EA83AF8-C579-4654-9194-9BB910312268}.Release|x86.Deploy.0 = Release|x86
		{A8EF1233-C9B0-4415-9C16-6152D7524909}.Ad-Hoc|Any CPU.ActiveCfg = Debug|Any CPU
		{A8EF1233-C9B0-4415-9C16-6152D7524909}.Ad-Hoc|Any CPU.Build.0 = Debug|Any CPU
		{A8EF1233-C9B0-4415-9C16-6152D7524909}.Ad-Hoc|Any CPU.Deploy.0 = Debug|Any CPU
		{A8EF1233-C9B0-4415-9C16-6152D7524909}.Ad-Hoc|ARM.ActiveCfg = Debug|Any CPU
		{A8EF1233-C9B0-4415-9C16-6152D7524909}.Ad-Hoc|ARM.Build.0 = Debug|Any CPU
		{A8EF1233-C9B0-4415-9C16-6152D7524909}.Ad-Hoc|ARM.Deploy.0 = Debug|Any CPU
		{A8EF1233-C9B0-4415-9C16-6152D7524909}.Ad-Hoc|iPhone.ActiveCfg = Debug|Any CPU
		{A8EF1233-C9B0-4415-9C16-6152D7524909}.Ad-Hoc|iPhone.Build.0 = Debug|Any CPU
		{A8EF1233-C9B0-4415-9C16-6152D7524909}.Ad-Hoc|iPhone.Deploy.0 = Debug|Any CPU
		{A8EF1233-C9B0-4415-9C16-6152D7524909}.Ad-Hoc|iPhoneSimulator.ActiveCfg = Debug|Any CPU
		{A8EF1233-C9B0-4415-9C16-6152D7524909}.Ad-Hoc|iPhoneSimulator.Build.0 = Debug|Any CPU
		{A8EF1233-C9B0-4415-9C16-6152D7524909}.Ad-Hoc|iPhoneSimulator.Deploy.0 = Debug|Any CPU
		{A8EF1233-C9B0-4415-9C16-6152D7524909}.Ad-Hoc|x64.ActiveCfg = Debug|Any CPU
		{A8EF1233-C9B0-4415-9C16-6152D7524909}.Ad-Hoc|x64.Build.0 = Debug|Any CPU
		{A8EF1233-C9B0-4415-9C16-6152D7524909}.Ad-Hoc|x64.Deploy.0 = Debug|Any CPU
		{A8EF1233-C9B0-4415-9C16-6152D7524909}.Ad-Hoc|x86.ActiveCfg = Debug|Any CPU
		{A8EF1233-C9B0-4415-9C16-6152D7524909}.Ad-Hoc|x86.Build.0 = Debug|Any CPU
		{A8EF1233-C9B0-4415-9C16-6152D7524909}.Ad-Hoc|x86.Deploy.0 = Debug|Any CPU
		{A8EF1233-C9B0-4415-9C16-6152D7524909}.AppStore|Any CPU.ActiveCfg = Debug|Any CPU
		{A8EF1233-C9B0-4415-9C16-6152D7524909}.AppStore|Any CPU.Build.0 = Debug|Any CPU
		{A8EF1233-C9B0-4415-9C16-6152D7524909}.AppStore|Any CPU.Deploy.0 = Debug|Any CPU
		{A8EF1233-C9B0-4415-9C16-6152D7524909}.AppStore|ARM.ActiveCfg = Debug|Any CPU
		{A8EF1233-C9B0-4415-9C16-6152D7524909}.AppStore|ARM.Build.0 = Debug|Any CPU
		{A8EF1233-C9B0-4415-9C16-6152D7524909}.AppStore|ARM.Deploy.0 = Debug|Any CPU
		{A8EF1233-C9B0-4415-9C16-6152D7524909}.AppStore|iPhone.ActiveCfg = Debug|Any CPU
		{A8EF1233-C9B0-4415-9C16-6152D7524909}.AppStore|iPhone.Build.0 = Debug|Any CPU
		{A8EF1233-C9B0-4415-9C16-6152D7524909}.AppStore|iPhone.Deploy.0 = Debug|Any CPU
		{A8EF1233-C9B0-4415-9C16-6152D7524909}.AppStore|iPhoneSimulator.ActiveCfg = Debug|Any CPU
		{A8EF1233-C9B0-4415-9C16-6152D7524909}.AppStore|iPhoneSimulator.Build.0 = Debug|Any CPU
		{A8EF1233-C9B0-4415-9C16-6152D7524909}.AppStore|iPhoneSimulator.Deploy.0 = Debug|Any CPU
		{A8EF1233-C9B0-4415-9C16-6152D7524909}.AppStore|x64.ActiveCfg = Debug|Any CPU
		{A8EF1233-C9B0-4415-9C16-6152D7524909}.AppStore|x64.Build.0 = Debug|Any CPU
		{A8EF1233-C9B0-4415-9C16-6152D7524909}.AppStore|x64.Deploy.0 = Debug|Any CPU
		{A8EF1233-C9B0-4415-9C16-6152D7524909}.AppStore|x86.ActiveCfg = Debug|Any CPU
		{A8EF1233-C9B0-4415-9C16-6152D7524909}.AppStore|x86.Build.0 = Debug|Any CPU
		{A8EF1233-C9B0-4415-9C16-6152D7524909}.AppStore|x86.Deploy.0 = Debug|Any CPU
		{A8EF1233-C9B0-4415-9C16-6152D7524909}.Debug|Any CPU.ActiveCfg = Debug|Any CPU
		{A8EF1233-C9B0-4415-9C16-6152D7524909}.Debug|Any CPU.Build.0 = Debug|Any CPU
		{A8EF1233-C9B0-4415-9C16-6152D7524909}.Debug|Any CPU.Deploy.0 = Debug|Any CPU
		{A8EF1233-C9B0-4415-9C16-6152D7524909}.Debug|ARM.ActiveCfg = Debug|Any CPU
		{A8EF1233-C9B0-4415-9C16-6152D7524909}.Debug|ARM.Build.0 = Debug|Any CPU
		{A8EF1233-C9B0-4415-9C16-6152D7524909}.Debug|ARM.Deploy.0 = Debug|Any CPU
		{A8EF1233-C9B0-4415-9C16-6152D7524909}.Debug|iPhone.ActiveCfg = Debug|Any CPU
		{A8EF1233-C9B0-4415-9C16-6152D7524909}.Debug|iPhone.Build.0 = Debug|Any CPU
		{A8EF1233-C9B0-4415-9C16-6152D7524909}.Debug|iPhone.Deploy.0 = Debug|Any CPU
		{A8EF1233-C9B0-4415-9C16-6152D7524909}.Debug|iPhoneSimulator.ActiveCfg = Debug|Any CPU
		{A8EF1233-C9B0-4415-9C16-6152D7524909}.Debug|iPhoneSimulator.Build.0 = Debug|Any CPU
		{A8EF1233-C9B0-4415-9C16-6152D7524909}.Debug|iPhoneSimulator.Deploy.0 = Debug|Any CPU
		{A8EF1233-C9B0-4415-9C16-6152D7524909}.Debug|x64.ActiveCfg = Debug|Any CPU
		{A8EF1233-C9B0-4415-9C16-6152D7524909}.Debug|x64.Build.0 = Debug|Any CPU
		{A8EF1233-C9B0-4415-9C16-6152D7524909}.Debug|x64.Deploy.0 = Debug|Any CPU
		{A8EF1233-C9B0-4415-9C16-6152D7524909}.Debug|x86.ActiveCfg = Debug|Any CPU
		{A8EF1233-C9B0-4415-9C16-6152D7524909}.Debug|x86.Build.0 = Debug|Any CPU
		{A8EF1233-C9B0-4415-9C16-6152D7524909}.Debug|x86.Deploy.0 = Debug|Any CPU
		{A8EF1233-C9B0-4415-9C16-6152D7524909}.Release|Any CPU.ActiveCfg = Release|Any CPU
		{A8EF1233-C9B0-4415-9C16-6152D7524909}.Release|Any CPU.Build.0 = Release|Any CPU
		{A8EF1233-C9B0-4415-9C16-6152D7524909}.Release|Any CPU.Deploy.0 = Release|Any CPU
		{A8EF1233-C9B0-4415-9C16-6152D7524909}.Release|ARM.ActiveCfg = Release|Any CPU
		{A8EF1233-C9B0-4415-9C16-6152D7524909}.Release|ARM.Build.0 = Release|Any CPU
		{A8EF1233-C9B0-4415-9C16-6152D7524909}.Release|ARM.Deploy.0 = Release|Any CPU
		{A8EF1233-C9B0-4415-9C16-6152D7524909}.Release|iPhone.ActiveCfg = Release|Any CPU
		{A8EF1233-C9B0-4415-9C16-6152D7524909}.Release|iPhone.Build.0 = Release|Any CPU
		{A8EF1233-C9B0-4415-9C16-6152D7524909}.Release|iPhone.Deploy.0 = Release|Any CPU
		{A8EF1233-C9B0-4415-9C16-6152D7524909}.Release|iPhoneSimulator.ActiveCfg = Release|Any CPU
		{A8EF1233-C9B0-4415-9C16-6152D7524909}.Release|iPhoneSimulator.Build.0 = Release|Any CPU
		{A8EF1233-C9B0-4415-9C16-6152D7524909}.Release|iPhoneSimulator.Deploy.0 = Release|Any CPU
		{A8EF1233-C9B0-4415-9C16-6152D7524909}.Release|x64.ActiveCfg = Release|Any CPU
		{A8EF1233-C9B0-4415-9C16-6152D7524909}.Release|x64.Build.0 = Release|Any CPU
		{A8EF1233-C9B0-4415-9C16-6152D7524909}.Release|x64.Deploy.0 = Release|Any CPU
		{A8EF1233-C9B0-4415-9C16-6152D7524909}.Release|x86.ActiveCfg = Release|Any CPU
		{A8EF1233-C9B0-4415-9C16-6152D7524909}.Release|x86.Build.0 = Release|Any CPU
		{A8EF1233-C9B0-4415-9C16-6152D7524909}.Release|x86.Deploy.0 = Release|Any CPU
	EndGlobalSection
	GlobalSection(SolutionProperties) = preSolution
		HideSolutionNode = FALSE
	EndGlobalSection
	GlobalSection(ExtensibilityGlobals) = postSolution
		SolutionGuid = {652863AB-3964-4D0B-BA49-153E438D28F6}
	EndGlobalSection
EndGlobal
